
Microsoft Visual Studio Solution File, Format Version 12.00
# Visual Studio Version 17
VisualStudioVersion = 17.4.33213.308
MinimumVisualStudioVersion = 10.0.40219.1
Project("{FAE04EC0-301F-11D3-BF4B-00C04F79EFBC}") = "EmployeesCrud", "EmployeesCrud\EmployeesCrud.csproj", "{6CAF44BD-A49E-409E-B194-5D0217B8A640}"
EndProject
Global
	GlobalSection(SolutionConfigurationPlatforms) = preSolution
		Debug|Any CPU = Debug|Any CPU
		Release|Any CPU = Release|Any CPU
	EndGlobalSection
	GlobalSection(ProjectConfigurationPlatforms) = postSolution
		{6CAF44BD-A49E-409E-B194-5D0217B8A640}.Debug|Any CPU.ActiveCfg = Debug|Any CPU
		{6CAF44BD-A49E-409E-B194-5D0217B8A640}.Debug|Any CPU.Build.0 = Debug|Any CPU
		{6CAF44BD-A49E-409E-B194-5D0217B8A640}.Release|Any CPU.ActiveCfg = Release|Any CPU
		{6CAF44BD-A49E-409E-B194-5D0217B8A640}.Release|Any CPU.Build.0 = Release|Any CPU
	EndGlobalSection
	GlobalSection(SolutionProperties) = preSolution
		HideSolutionNode = FALSE
	EndGlobalSection
	GlobalSection(ExtensibilityGlobals) = postSolution
		SolutionGuid = {9F311A42-0C20-49F3-A18E-EB38B6FAD1CD}
	EndGlobalSection
EndGlobal
